
Microsoft Visual Studio Solution File, Format Version 12.00
# Visual Studio 14
VisualStudioVersion = 14.0.25420.1
MinimumVisualStudioVersion = 10.0.40219.1
Project("{FAE04EC0-301F-11D3-BF4B-00C04F79EFBC}") = "FlatManager", "FlatManager\FlatManager.csproj", "{3E71394F-F664-4FEE-87C7-A0DE01883C42}"
EndProject
Project("{FAE04EC0-301F-11D3-BF4B-00C04F79EFBC}") = "Lab_5_ADO", "Lab_5_ADO\Lab_5_ADO.csproj", "{C7586889-EE8F-470B-8AF4-34ED18C06039}"
EndProject
Project("{FAE04EC0-301F-11D3-BF4B-00C04F79EFBC}") = "Lab_6", "Lab_6\Lab_6.csproj", "{89FF57EC-CB88-4753-B249-8E8BAED973EC}"
EndProject
Global
	GlobalSection(SolutionConfigurationPlatforms) = preSolution
		Debug|Any CPU = Debug|Any CPU
		Release|Any CPU = Release|Any CPU
	EndGlobalSection
	GlobalSection(ProjectConfigurationPlatforms) = postSolution
		{3E71394F-F664-4FEE-87C7-A0DE01883C42}.Debug|Any CPU.ActiveCfg = Debug|Any CPU
		{3E71394F-F664-4FEE-87C7-A0DE01883C42}.Debug|Any CPU.Build.0 = Debug|Any CPU
		{3E71394F-F664-4FEE-87C7-A0DE01883C42}.Release|Any CPU.ActiveCfg = Release|Any CPU
		{3E71394F-F664-4FEE-87C7-A0DE01883C42}.Release|Any CPU.Build.0 = Release|Any CPU
		{C7586889-EE8F-470B-8AF4-34ED18C06039}.Debug|Any CPU.ActiveCfg = Debug|Any CPU
		{C7586889-EE8F-470B-8AF4-34ED18C06039}.Debug|Any CPU.Build.0 = Debug|Any CPU
		{C7586889-EE8F-470B-8AF4-34ED18C06039}.Release|Any CPU.ActiveCfg = Release|Any CPU
		{C7586889-EE8F-470B-8AF4-34ED18C06039}.Release|Any CPU.Build.0 = Release|Any CPU
		{89FF57EC-CB88-4753-B249-8E8BAED973EC}.Debug|Any CPU.ActiveCfg = Debug|Any CPU
		{89FF57EC-CB88-4753-B249-8E8BAED973EC}.Debug|Any CPU.Build.0 = Debug|Any CPU
		{89FF57EC-CB88-4753-B249-8E8BAED973EC}.Release|Any CPU.ActiveCfg = Release|Any CPU
		{89FF57EC-CB88-4753-B249-8E8BAED973EC}.Release|Any CPU.Build.0 = Release|Any CPU
	EndGlobalSection
	GlobalSection(SolutionProperties) = preSolution
		HideSolutionNode = FALSE
	EndGlobalSection
EndGlobal
